lockfileVersion: '9.0'

settings:
  autoInstallPeers: true
  excludeLinksFromLockfile: false

importers:

  .:
    devDependencies:
      '@skarab/prettier-config':
        specifier: ^1.2.2
        version: 1.2.2(prettier@3.6.2)
      prettier:
        specifier: ^3.6.2
        version: 3.6.2

packages:

  '@skarab/prettier-config@1.2.2':
    resolution: {integrity: sha512-0gBMOCupFfAZVhvuwFZsfN61gD8Epbc3z+zo1PpHJnPTczM4gCBesNwGqTCippSxzaGk74yQ3yQYFEOrQo1+iQ==}
    peerDependencies:
      prettier: '>=2'

  prettier@3.6.2:
    resolution: {integrity: sha512-I7AIg5boAr5R0FFtJ6rCfD+LFsWHp81dolrFD8S79U9tb8Az2nGrJncnMSnys+bpQJfRUzqs9hnA81OAA3hCuQ==}
    engines: {node: '>=14'}
    hasBin: true

snapshots:

  '@skarab/prettier-config@1.2.2(prettier@3.6.2)':
    dependencies:
      prettier: 3.6.2

  prettier@3.6.2: {}
